
Microsoft Visual Studio Solution File, Format Version 12.00
# Visual Studio Version 17
VisualStudioVersion = 17.8.34525.116
MinimumVisualStudioVersion = 10.0.40219.1
Project("{FAE04EC0-301F-11D3-BF4B-00C04F79EFBC}") = "BemisAutoTyper", "BemisAutoTyper.csproj", "{B8D79FF2-38E1-4A3C-BDF2-0749B35831DB}"
EndProject
Global
	GlobalSection(SolutionConfigurationPlatforms) = preSolution
		Debug|Any CPU = Debug|Any CPU
		Release|Any CPU = Release|Any CPU
	EndGlobalSection
	GlobalSection(ProjectConfigurationPlatforms) = postSolution
		{B8D79FF2-38E1-4A3C-BDF2-0749B35831DB}.Debug|Any CPU.ActiveCfg = Debug|Any CPU
		{B8D79FF2-38E1-4A3C-BDF2-0749B35831DB}.Debug|Any CPU.Build.0 = Debug|Any CPU
		{B8D79FF2-38E1-4A3C-BDF2-0749B35831DB}.Release|Any CPU.ActiveCfg = Release|Any CPU
		{B8D79FF2-38E1-4A3C-BDF2-0749B35831DB}.Release|Any CPU.Build.0 = Release|Any CPU
	EndGlobalSection
	GlobalSection(SolutionProperties) = preSolution
		HideSolutionNode = FALSE
	EndGlobalSection
	GlobalSection(ExtensibilityGlobals) = postSolution
		SolutionGuid = {C52EB656-010B-4930-BF2E-DE60AE57A509}
	EndGlobalSection
EndGlobal
